{
  "name": "diw-44-t1-botones",
  "version": "1.0.0",
  "lockfileVersion": 3,
  "requires": true,
  "packages": {
    "": {
      "name": "diw-44-t1-botones",
      "version": "1.0.0",
      "license": "ISC",
      "dependencies": {
        "diw-44-t1-botones": "file:"
      }
    },
    "node_modules/diw-44-t1-botones": {
      "resolved": "",
      "link": true
    }
  }
}
